
Microsoft Visual Studio Solution File, Format Version 12.00
# Visual Studio Version 16
VisualStudioVersion = 16.0.29709.97
MinimumVisualStudioVersion = 10.0.40219.1
Project("{FAE04EC0-301F-11D3-BF4B-00C04F79EFBC}") = "WcfService1", "WcfService1\WcfService1.csproj", "{F39A730B-020A-4A46-AC05-30CF8DDD7FFD}"
EndProject
Project("{FAE04EC0-301F-11D3-BF4B-00C04F79EFBC}") = "Helper", "Helper\Helper.csproj", "{ED382AC9-EF71-44AB-9017-37598CBDB74F}"
EndProject
Global
	GlobalSection(SolutionConfigurationPlatforms) = preSolution
		Debug|Any CPU = Debug|Any CPU
		Release|Any CPU = Release|Any CPU
	EndGlobalSection
	GlobalSection(ProjectConfigurationPlatforms) = postSolution
		{F39A730B-020A-4A46-AC05-30CF8DDD7FFD}.Debug|Any CPU.ActiveCfg = Debug|Any CPU
		{F39A730B-020A-4A46-AC05-30CF8DDD7FFD}.Debug|Any CPU.Build.0 = Debug|Any CPU
		{F39A730B-020A-4A46-AC05-30CF8DDD7FFD}.Release|Any CPU.ActiveCfg = Release|Any CPU
		{F39A730B-020A-4A46-AC05-30CF8DDD7FFD}.Release|Any CPU.Build.0 = Release|Any CPU
		{ED382AC9-EF71-44AB-9017-37598CBDB74F}.Debug|Any CPU.ActiveCfg = Debug|Any CPU
		{ED382AC9-EF71-44AB-9017-37598CBDB74F}.Debug|Any CPU.Build.0 = Debug|Any CPU
		{ED382AC9-EF71-44AB-9017-37598CBDB74F}.Release|Any CPU.ActiveCfg = Release|Any CPU
		{ED382AC9-EF71-44AB-9017-37598CBDB74F}.Release|Any CPU.Build.0 = Release|Any CPU
	EndGlobalSection
	GlobalSection(SolutionProperties) = preSolution
		HideSolutionNode = FALSE
	EndGlobalSection
	GlobalSection(ExtensibilityGlobals) = postSolution
		SolutionGuid = {ED6BBD7C-CAEA-4882-ACA1-9D31BD682340}
	EndGlobalSection
EndGlobal
